
Microsoft Visual Studio Solution File, Format Version 12.00
# Visual Studio Version 17
VisualStudioVersion = 17.8.34330.188
MinimumVisualStudioVersion = 10.0.40219.1
Project("{9A19103F-16F7-4668-BE54-9A1E7A4F7556}") = "TimeTabler", "TimeTabler\TimeTabler.csproj", "{A1EE382D-D6EC-4437-9082-3129D38E9648}"
EndProject
Global
	GlobalSection(SolutionConfigurationPlatforms) = preSolution
		Debug|Any CPU = Debug|Any CPU
		Release|Any CPU = Release|Any CPU
	EndGlobalSection
	GlobalSection(ProjectConfigurationPlatforms) = postSolution
		{A1EE382D-D6EC-4437-9082-3129D38E9648}.Debug|Any CPU.ActiveCfg = Debug|Any CPU
		{A1EE382D-D6EC-4437-9082-3129D38E9648}.Debug|Any CPU.Build.0 = Debug|Any CPU
		{A1EE382D-D6EC-4437-9082-3129D38E9648}.Release|Any CPU.ActiveCfg = Release|Any CPU
		{A1EE382D-D6EC-4437-9082-3129D38E9648}.Release|Any CPU.Build.0 = Release|Any CPU
	EndGlobalSection
	GlobalSection(SolutionProperties) = preSolution
		HideSolutionNode = FALSE
	EndGlobalSection
	GlobalSection(ExtensibilityGlobals) = postSolution
		SolutionGuid = {DBB69283-6F5F-41FB-929D-26DBECEE871F}
	EndGlobalSection
EndGlobal
